
Microsoft Visual Studio Solution File, Format Version 12.00
# Visual Studio Version 17
VisualStudioVersion = 17.14.36623.8 d17.14
MinimumVisualStudioVersion = 10.0.40219.1
Project("{FAE04EC0-301F-11D3-BF4B-00C04F79EFBC}") = "WinForm_RFBN_APP", "WinForm_RFBN_APP.csproj", "{2DCEAAB2-39D7-4127-9106-DF814DC8486A}"
EndProject
Global
	GlobalSection(SolutionConfigurationPlatforms) = preSolution
		Debug|Any CPU = Debug|Any CPU
		Release|Any CPU = Release|Any CPU
	EndGlobalSection
	GlobalSection(ProjectConfigurationPlatforms) = postSolution
		{2DCEAAB2-39D7-4127-9106-DF814DC8486A}.Debug|Any CPU.ActiveCfg = Debug|Any CPU
		{2DCEAAB2-39D7-4127-9106-DF814DC8486A}.Debug|Any CPU.Build.0 = Debug|Any CPU
		{2DCEAAB2-39D7-4127-9106-DF814DC8486A}.Release|Any CPU.ActiveCfg = Release|Any CPU
		{2DCEAAB2-39D7-4127-9106-DF814DC8486A}.Release|Any CPU.Build.0 = Release|Any CPU
	EndGlobalSection
	GlobalSection(SolutionProperties) = preSolution
		HideSolutionNode = FALSE
	EndGlobalSection
	GlobalSection(ExtensibilityGlobals) = postSolution
		SolutionGuid = {66A6B68B-D996-4176-9566-103A5AF31C37}
	EndGlobalSection
EndGlobal
